
Microsoft Visual Studio Solution File, Format Version 12.00
# Visual Studio Version 16
VisualStudioVersion = 16.0.31702.278
MinimumVisualStudioVersion = 10.0.40219.1
Project("{FAE04EC0-301F-11D3-BF4B-00C04F79EFBC}") = "Cap5.1", "Cap5.1.csproj", "{3C01D6D1-344B-45E6-A16A-39DCB39399D3}"
EndProject
Global
	GlobalSection(SolutionConfigurationPlatforms) = preSolution
		Debug|Any CPU = Debug|Any CPU
		Release|Any CPU = Release|Any CPU
	EndGlobalSection
	GlobalSection(ProjectConfigurationPlatforms) = postSolution
		{3C01D6D1-344B-45E6-A16A-39DCB39399D3}.Debug|Any CPU.ActiveCfg = Debug|Any CPU
		{3C01D6D1-344B-45E6-A16A-39DCB39399D3}.Debug|Any CPU.Build.0 = Debug|Any CPU
		{3C01D6D1-344B-45E6-A16A-39DCB39399D3}.Release|Any CPU.ActiveCfg = Release|Any CPU
		{3C01D6D1-344B-45E6-A16A-39DCB39399D3}.Release|Any CPU.Build.0 = Release|Any CPU
	EndGlobalSection
	GlobalSection(SolutionProperties) = preSolution
		HideSolutionNode = FALSE
	EndGlobalSection
	GlobalSection(ExtensibilityGlobals) = postSolution
		SolutionGuid = {D883DC32-0713-4928-BF20-556CB1956D16}
	EndGlobalSection
EndGlobal
